
Microsoft Visual Studio Solution File, Format Version 12.00
# Visual Studio 15
VisualStudioVersion = 15.0.27703.2026
MinimumVisualStudioVersion = 10.0.40219.1
Project("{FAE04EC0-301F-11D3-BF4B-00C04F79EFBC}") = "NetService1", "NetService1\NetService1.csproj", "{D629953C-3FAC-4B3D-B0BB-B8C36299CB68}"
EndProject
Project("{E53339B2-1760-4266-BCC7-CA923CBCF16C}") = "docker-compose", "docker-compose.dcproj", "{4ADCCD2B-AD39-4242-A323-D142BBC0226B}"
EndProject
Global
	GlobalSection(SolutionConfigurationPlatforms) = preSolution
		Debug|Any CPU = Debug|Any CPU
		Release|Any CPU = Release|Any CPU
	EndGlobalSection
	GlobalSection(ProjectConfigurationPlatforms) = postSolution
		{D629953C-3FAC-4B3D-B0BB-B8C36299CB68}.Debug|Any CPU.ActiveCfg = Debug|Any CPU
		{D629953C-3FAC-4B3D-B0BB-B8C36299CB68}.Debug|Any CPU.Build.0 = Debug|Any CPU
		{D629953C-3FAC-4B3D-B0BB-B8C36299CB68}.Release|Any CPU.ActiveCfg = Release|Any CPU
		{D629953C-3FAC-4B3D-B0BB-B8C36299CB68}.Release|Any CPU.Build.0 = Release|Any CPU
		{4ADCCD2B-AD39-4242-A323-D142BBC0226B}.Debug|Any CPU.ActiveCfg = Debug|Any CPU
		{4ADCCD2B-AD39-4242-A323-D142BBC0226B}.Debug|Any CPU.Build.0 = Debug|Any CPU
		{4ADCCD2B-AD39-4242-A323-D142BBC0226B}.Release|Any CPU.ActiveCfg = Release|Any CPU
		{4ADCCD2B-AD39-4242-A323-D142BBC0226B}.Release|Any CPU.Build.0 = Release|Any CPU
	EndGlobalSection
	GlobalSection(SolutionProperties) = preSolution
		HideSolutionNode = FALSE
	EndGlobalSection
	GlobalSection(ExtensibilityGlobals) = postSolution
		SolutionGuid = {0B24D11B-0671-4875-AA5A-C26B5EF9FE6E}
	EndGlobalSection
EndGlobal
